// !$*UTF8*$!
{
	archiveVersion = 1;
	classes = {
	};
	objectVersion = 46;
	objects = {

/* Begin PBXBuildFile section */
		90BB311D1DDA5F5800034961 /* CSNetwork.swift in Sources */ = {isa = PBXBuildFile; fileRef = 90BB311C1DDA5F5800034961 /* CSNetwork.swift */; };
		90BB312F1DDA879500034961 /* AFError.swift in Sources */ = {isa = PBXBuildFile; fileRef = 90BB311E1DDA879500034961 /* AFError.swift */; };
		90BB31301DDA879500034961 /* Alamofire.swift in Sources */ = {isa = PBXBuildFile; fileRef = 90BB311F1DDA879500034961 /* Alamofire.swift */; };
		90BB31311DDA879500034961 /* DispatchQueue+Alamofire.swift in Sources */ = {isa = PBXBuildFile; fileRef = 90BB31201DDA879500034961 /* DispatchQueue+Alamofire.swift */; };
		90BB31321DDA879500034961 /* MultipartFormData.swift in Sources */ = {isa = PBXBuildFile; fileRef = 90BB31211DDA879500034961 /* MultipartFormData.swift */; };
		90BB31331DDA879500034961 /* NetworkReachabilityManager.swift in Sources */ = {isa = PBXBuildFile; fileRef = 90BB31221DDA879500034961 /* NetworkReachabilityManager.swift */; };
		90BB31341DDA879500034961 /* Notifications.swift in Sources */ = {isa = PBXBuildFile; fileRef = 90BB31231DDA879500034961 /* Notifications.swift */; };
		90BB31351DDA879500034961 /* ParameterEncoding.swift in Sources */ = {isa = PBXBuildFile; fileRef = 90BB31241DDA879500034961 /* ParameterEncoding.swift */; };
		90BB31361DDA879500034961 /* Request.swift in Sources */ = {isa = PBXBuildFile; fileRef = 90BB31251DDA879500034961 /* Request.swift */; };
		90BB31371DDA879500034961 /* Response.swift in Sources */ = {isa = PBXBuildFile; fileRef = 90BB31261DDA879500034961 /* Response.swift */; };
		90BB31381DDA879500034961 /* ResponseSerialization.swift in Sources */ = {isa = PBXBuildFile; fileRef = 90BB31271DDA879500034961 /* ResponseSerialization.swift */; };
		90BB31391DDA879500034961 /* Result.swift in Sources */ = {isa = PBXBuildFile; fileRef = 90BB31281DDA879500034961 /* Result.swift */; };
		90BB313A1DDA879500034961 /* ServerTrustPolicy.swift in Sources */ = {isa = PBXBuildFile; fileRef = 90BB31291DDA879500034961 /* ServerTrustPolicy.swift */; };
		90BB313B1DDA879500034961 /* SessionDelegate.swift in Sources */ = {isa = PBXBuildFile; fileRef = 90BB312A1DDA879500034961 /* SessionDelegate.swift */; };
		90BB313C1DDA879500034961 /* SessionManager.swift in Sources */ = {isa = PBXBuildFile; fileRef = 90BB312B1DDA879500034961 /* SessionManager.swift */; };
		90BB313D1DDA879500034961 /* TaskDelegate.swift in Sources */ = {isa = PBXBuildFile; fileRef = 90BB312C1DDA879500034961 /* TaskDelegate.swift */; };
		90BB313E1DDA879500034961 /* Timeline.swift in Sources */ = {isa = PBXBuildFile; fileRef = 90BB312D1DDA879500034961 /* Timeline.swift */; };
		90BB313F1DDA879500034961 /* Validation.swift in Sources */ = {isa = PBXBuildFile; fileRef = 90BB312E1DDA879500034961 /* Validation.swift */; };
		90BB31461DDBB3CE00034961 /* CSNetworkObject.swift in Sources */ = {isa = PBXBuildFile; fileRef = 90BB31451DDBB3CE00034961 /* CSNetworkObject.swift */; };
		90BB31491DDBC18000034961 /* CSRestRouter.swift in Sources */ = {isa = PBXBuildFile; fileRef = 90BB31481DDBC18000034961 /* CSRestRouter.swift */; };
		90DB9DCE1DD7EAE300C7046F /* CoreService.framework in Frameworks */ = {isa = PBXBuildFile; fileRef = 90DB9DC41DD7EAE300C7046F /* CoreService.framework */; };
		90DB9DD31DD7EAE300C7046F /* CoreServiceTests.swift in Sources */ = {isa = PBXBuildFile; fileRef = 90DB9DD21DD7EAE300C7046F /* CoreServiceTests.swift */; };
		90DB9DD51DD7EAE300C7046F /* CoreService.h in Headers */ = {isa = PBXBuildFile; fileRef = 90DB9DC71DD7EAE300C7046F /* CoreService.h */; settings = {ATTRIBUTES = (Public, ); }; };
/* End PBXBuildFile section */

/* Begin PBXContainerItemProxy section */
		90DB9DCF1DD7EAE300C7046F /* PBXContainerItemProxy */ = {
			isa = PBXContainerItemProxy;
			containerPortal = 90DB9DBB1DD7EAE300C7046F /* Project object */;
			proxyType = 1;
			remoteGlobalIDString = 90DB9DC31DD7EAE300C7046F;
			remoteInfo = CoreService;
		};
/* End PBXContainerItemProxy section */

/* Begin PBXFileReference section */
		90BB311C1DDA5F5800034961 /* CSNetwork.swift */ = {isa = PBXFileReference; fileEncoding = 4; lastKnownFileType = sourcecode.swift; path = CSNetwork.swift; sourceTree = "<group>"; };
		90BB311E1DDA879500034961 /* AFError.swift */ = {isa = PBXFileReference; fileEncoding = 4; lastKnownFileType = sourcecode.swift; path = AFError.swift; sourceTree = "<group>"; };
		90BB311F1DDA879500034961 /* Alamofire.swift */ = {isa = PBXFileReference; fileEncoding = 4; lastKnownFileType = sourcecode.swift; path = Alamofire.swift; sourceTree = "<group>"; };
		90BB31201DDA879500034961 /* DispatchQueue+Alamofire.swift */ = {isa = PBXFileReference; fileEncoding = 4; lastKnownFileType = sourcecode.swift; path = "DispatchQueue+Alamofire.swift"; sourceTree = "<group>"; };
		90BB31211DDA879500034961 /* MultipartFormData.swift */ = {isa = PBXFileReference; fileEncoding = 4; lastKnownFileType = sourcecode.swift; path = MultipartFormData.swift; sourceTree = "<group>"; };
		90BB31221DDA879500034961 /* NetworkReachabilityManager.swift */ = {isa = PBXFileReference; fileEncoding = 4; lastKnownFileType = sourcecode.swift; path = NetworkReachabilityManager.swift; sourceTree = "<group>"; };
		90BB31231DDA879500034961 /* Notifications.swift */ = {isa = PBXFileReference; fileEncoding = 4; lastKnownFileType = sourcecode.swift; path = Notifications.swift; sourceTree = "<group>"; };
		90BB31241DDA879500034961 /* ParameterEncoding.swift */ = {isa = PBXFileReference; fileEncoding = 4; lastKnownFileType = sourcecode.swift; path = ParameterEncoding.swift; sourceTree = "<group>"; };
		90BB31251DDA879500034961 /* Request.swift */ = {isa = PBXFileReference; fileEncoding = 4; lastKnownFileType = sourcecode.swift; path = Request.swift; sourceTree = "<group>"; };
		90BB31261DDA879500034961 /* Response.swift */ = {isa = PBXFileReference; fileEncoding = 4; lastKnownFileType = sourcecode.swift; path = Response.swift; sourceTree = "<group>"; };
		90BB31271DDA879500034961 /* ResponseSerialization.swift */ = {isa = PBXFileReference; fileEncoding = 4; lastKnownFileType = sourcecode.swift; path = ResponseSerialization.swift; sourceTree = "<group>"; };
		90BB31281DDA879500034961 /* Result.swift */ = {isa = PBXFileReference; fileEncoding = 4; lastKnownFileType = sourcecode.swift; path = Result.swift; sourceTree = "<group>"; };
		90BB31291DDA879500034961 /* ServerTrustPolicy.swift */ = {isa = PBXFileReference; fileEncoding = 4; lastKnownFileType = sourcecode.swift; path = ServerTrustPolicy.swift; sourceTree = "<group>"; };
		90BB312A1DDA879500034961 /* SessionDelegate.swift */ = {isa = PBXFileReference; fileEncoding = 4; lastKnownFileType = sourcecode.swift; path = SessionDelegate.swift; sourceTree = "<group>"; };
		90BB312B1DDA879500034961 /* SessionManager.swift */ = {isa = PBXFileReference; fileEncoding = 4; lastKnownFileType = sourcecode.swift; path = SessionManager.swift; sourceTree = "<group>"; };
		90BB312C1DDA879500034961 /* TaskDelegate.swift */ = {isa = PBXFileReference; fileEncoding = 4; lastKnownFileType = sourcecode.swift; path = TaskDelegate.swift; sourceTree = "<group>"; };
		90BB312D1DDA879500034961 /* Timeline.swift */ = {isa = PBXFileReference; fileEncoding = 4; lastKnownFileType = sourcecode.swift; path = Timeline.swift; sourceTree = "<group>"; };
		90BB312E1DDA879500034961 /* Validation.swift */ = {isa = PBXFileReference; fileEncoding = 4; lastKnownFileType = sourcecode.swift; path = Validation.swift; sourceTree = "<group>"; };
		90BB31451DDBB3CE00034961 /* CSNetworkObject.swift */ = {isa = PBXFileReference; fileEncoding = 4; lastKnownFileType = sourcecode.swift; path = CSNetworkObject.swift; sourceTree = "<group>"; };
		90BB31481DDBC18000034961 /* CSRestRouter.swift */ = {isa = PBXFileReference; fileEncoding = 4; lastKnownFileType = sourcecode.swift; path = CSRestRouter.swift; sourceTree = "<group>"; };
		90DB9DC41DD7EAE300C7046F /* CoreService.framework */ = {isa = PBXFileReference; explicitFileType = wrapper.framework; includeInIndex = 0; path = CoreService.framework; sourceTree = BUILT_PRODUCTS_DIR; };
		90DB9DC71DD7EAE300C7046F /* CoreService.h */ = {isa = PBXFileReference; lastKnownFileType = sourcecode.c.h; path = CoreService.h; sourceTree = "<group>"; };
		90DB9DC81DD7EAE300C7046F /* Info.plist */ = {isa = PBXFileReference; lastKnownFileType = text.plist.xml; path = Info.plist; sourceTree = "<group>"; };
		90DB9DCD1DD7EAE300C7046F /* CoreServiceTests.xctest */ = {isa = PBXFileReference; explicitFileType = wrapper.cfbundle; includeInIndex = 0; path = CoreServiceTests.xctest; sourceTree = BUILT_PRODUCTS_DIR; };
		90DB9DD21DD7EAE300C7046F /* CoreServiceTests.swift */ = {isa = PBXFileReference; lastKnownFileType = sourcecode.swift; path = CoreServiceTests.swift; sourceTree = "<group>"; };
		90DB9DD41DD7EAE300C7046F /* Info.plist */ = {isa = PBXFileReference; lastKnownFileType = text.plist.xml; path = Info.plist; sourceTree = "<group>"; };
/* End PBXFileReference section */

/* Begin PBXFrameworksBuildPhase section */
		90DB9DC01DD7EAE300C7046F /* Frameworks */ = {
			isa = PBXFrameworksBuildPhase;
			buildActionMask = 2147483647;
			files = (
			);
			runOnlyForDeploymentPostprocessing = 0;
		};
		90DB9DCA1DD7EAE300C7046F /* Frameworks */ = {
			isa = PBXFrameworksBuildPhase;
			buildActionMask = 2147483647;
			files = (
				90DB9DCE1DD7EAE300C7046F /* CoreService.framework in Frameworks */,
			);
			runOnlyForDeploymentPostprocessing = 0;
		};
/* End PBXFrameworksBuildPhase section */

/* Begin PBXGroup section */
		90BB31401DDA879900034961 /* Alamofire */ = {
			isa = PBXGroup;
			children = (
				90BB311E1DDA879500034961 /* AFError.swift */,
				90BB311F1DDA879500034961 /* Alamofire.swift */,
				90BB31201DDA879500034961 /* DispatchQueue+Alamofire.swift */,
				90BB31211DDA879500034961 /* MultipartFormData.swift */,
				90BB31221DDA879500034961 /* NetworkReachabilityManager.swift */,
				90BB31231DDA879500034961 /* Notifications.swift */,
				90BB31241DDA879500034961 /* ParameterEncoding.swift */,
				90BB31251DDA879500034961 /* Request.swift */,
				90BB31261DDA879500034961 /* Response.swift */,
				90BB31271DDA879500034961 /* ResponseSerialization.swift */,
				90BB31281DDA879500034961 /* Result.swift */,
				90BB31291DDA879500034961 /* ServerTrustPolicy.swift */,
				90BB312A1DDA879500034961 /* SessionDelegate.swift */,
				90BB312B1DDA879500034961 /* SessionManager.swift */,
				90BB312C1DDA879500034961 /* TaskDelegate.swift */,
				90BB312D1DDA879500034961 /* Timeline.swift */,
				90BB312E1DDA879500034961 /* Validation.swift */,
			);
			name = Alamofire;
			sourceTree = "<group>";
		};
		90DB9DBA1DD7EAE300C7046F = {
			isa = PBXGroup;
			children = (
				90DB9DC61DD7EAE300C7046F /* CoreService */,
				90DB9DD11DD7EAE300C7046F /* CoreServiceTests */,
				90DB9DC51DD7EAE300C7046F /* Products */,
			);
			sourceTree = "<group>";
		};
		90DB9DC51DD7EAE300C7046F /* Products */ = {
			isa = PBXGroup;
			children = (
				90DB9DC41DD7EAE300C7046F /* CoreService.framework */,
				90DB9DCD1DD7EAE300C7046F /* CoreServiceTests.xctest */,
			);
			name = Products;
			sourceTree = "<group>";
		};
		90DB9DC61DD7EAE300C7046F /* CoreService */ = {
			isa = PBXGroup;
			children = (
				90BB31401DDA879900034961 /* Alamofire */,
				90DB9DC71DD7EAE300C7046F /* CoreService.h */,
				90DB9DC81DD7EAE300C7046F /* Info.plist */,
				90BB311C1DDA5F5800034961 /* CSNetwork.swift */,
				90BB31451DDBB3CE00034961 /* CSNetworkObject.swift */,
				90BB31481DDBC18000034961 /* CSRestRouter.swift */,
			);
			path = CoreService;
			sourceTree = "<group>";
		};
		90DB9DD11DD7EAE300C7046F /* CoreServiceTests */ = {
			isa = PBXGroup;
			children = (
				90DB9DD21DD7EAE300C7046F /* CoreServiceTests.swift */,
				90DB9DD41DD7EAE300C7046F /* Info.plist */,
			);
			path = CoreServiceTests;
			sourceTree = "<group>";
		};
/* End PBXGroup section */

/* Begin PBXHeadersBuildPhase section */
		90DB9DC11DD7EAE300C7046F /* Headers */ = {
			isa = PBXHeadersBuildPhase;
			buildActionMask = 2147483647;
			files = (
				90DB9DD51DD7EAE300C7046F /* CoreService.h in Headers */,
			);
			runOnlyForDeploymentPostprocessing = 0;
		};
/* End PBXHeadersBuildPhase section */

/* Begin PBXNativeTarget section */
		90DB9DC31DD7EAE300C7046F /* CoreService */ = {
			isa = PBXNativeTarget;
			buildConfigurationList = 90DB9DD81DD7EAE300C7046F /* Build configuration list for PBXNativeTarget "CoreService" */;
			buildPhases = (
				90DB9DBF1DD7EAE300C7046F /* Sources */,
				90DB9DC01DD7EAE300C7046F /* Frameworks */,
				90DB9DC11DD7EAE300C7046F /* Headers */,
				90DB9DC21DD7EAE300C7046F /* Resources */,
			);
			buildRules = (
			);
			dependencies = (
			);
			name = CoreService;
			productName = CoreService;
			productReference = 90DB9DC41DD7EAE300C7046F /* CoreService.framework */;
			productType = "com.apple.product-type.framework";
		};
		90DB9DCC1DD7EAE300C7046F /* CoreServiceTests */ = {
			isa = PBXNativeTarget;
			buildConfigurationList = 90DB9DDB1DD7EAE300C7046F /* Build configuration list for PBXNativeTarget "CoreServiceTests" */;
			buildPhases = (
				90DB9DC91DD7EAE300C7046F /* Sources */,
				90DB9DCA1DD7EAE300C7046F /* Frameworks */,
				90DB9DCB1DD7EAE300C7046F /* Resources */,
			);
			buildRules = (
			);
			dependencies = (
				90DB9DD01DD7EAE300C7046F /* PBXTargetDependency */,
			);
			name = CoreServiceTests;
			productName = CoreServiceTests;
			productReference = 90DB9DCD1DD7EAE300C7046F /* CoreServiceTests.xctest */;
			productType = "com.apple.product-type.bundle.unit-test";
		};
/* End PBXNativeTarget section */

/* Begin PBXProject section */
		90DB9DBB1DD7EAE300C7046F /* Project object */ = {
			isa = PBXProject;
			attributes = {
				CLASSPREFIX = CS;
				LastSwiftUpdateCheck = 0800;
				LastUpgradeCheck = 0800;
				ORGANIZATIONNAME = "Cat Bakery";
				TargetAttributes = {
					90DB9DC31DD7EAE300C7046F = {
						CreatedOnToolsVersion = 8.0;
						LastSwiftMigration = 0800;
						ProvisioningStyle = Automatic;
					};
					90DB9DCC1DD7EAE300C7046F = {
						CreatedOnToolsVersion = 8.0;
						ProvisioningStyle = Automatic;
					};
				};
			};
			buildConfigurationList = 90DB9DBE1DD7EAE300C7046F /* Build configuration list for PBXProject "CoreService" */;
			compatibilityVersion = "Xcode 3.2";
			developmentRegion = English;
			hasScannedForEncodings = 0;
			knownRegions = (
				en,
			);
			mainGroup = 90DB9DBA1DD7EAE300C7046F;
			productRefGroup = 90DB9DC51DD7EAE300C7046F /* Products */;
			projectDirPath = "";
			projectRoot = "";
			targets = (
				90DB9DC31DD7EAE300C7046F /* CoreService */,
				90DB9DCC1DD7EAE300C7046F /* CoreServiceTests */,
			);
		};
/* End PBXProject section */

/* Begin PBXResourcesBuildPhase section */
		90DB9DC21DD7EAE300C7046F /* Resources */ = {
			isa = PBXResourcesBuildPhase;
			buildActionMask = 2147483647;
			files = (
			);
			runOnlyForDeploymentPostprocessing = 0;
		};
		90DB9DCB1DD7EAE300C7046F /* Resources */ = {
			isa = PBXResourcesBuildPhase;
			buildActionMask = 2147483647;
			files = (
			);
			runOnlyForDeploymentPostprocessing = 0;
		};
/* End PBXResourcesBuildPhase section */

/* Begin PBXSourcesBuildPhase section */
		90DB9DBF1DD7EAE300C7046F /* Sources */ = {
			isa = PBXSourcesBuildPhase;
			buildActionMask = 2147483647;
			files = (
				90BB31311DDA879500034961 /* DispatchQueue+Alamofire.swift in Sources */,
				90BB31341DDA879500034961 /* Notifications.swift in Sources */,
				90BB31351DDA879500034961 /* ParameterEncoding.swift in Sources */,
				90BB31301DDA879500034961 /* Alamofire.swift in Sources */,
				90BB31491DDBC18000034961 /* CSRestRouter.swift in Sources */,
				90BB313F1DDA879500034961 /* Validation.swift in Sources */,
				90BB31371DDA879500034961 /* Response.swift in Sources */,
				90BB313A1DDA879500034961 /* ServerTrustPolicy.swift in Sources */,
				90BB311D1DDA5F5800034961 /* CSNetwork.swift in Sources */,
				90BB31461DDBB3CE00034961 /* CSNetworkObject.swift in Sources */,
				90BB31391DDA879500034961 /* Result.swift in Sources */,
				90BB313C1DDA879500034961 /* SessionManager.swift in Sources */,
				90BB312F1DDA879500034961 /* AFError.swift in Sources */,
				90BB313E1DDA879500034961 /* Timeline.swift in Sources */,
				90BB31331DDA879500034961 /* NetworkReachabilityManager.swift in Sources */,
				90BB313D1DDA879500034961 /* TaskDelegate.swift in Sources */,
				90BB31381DDA879500034961 /* ResponseSerialization.swift in Sources */,
				90BB31361DDA879500034961 /* Request.swift in Sources */,
				90BB31321DDA879500034961 /* MultipartFormData.swift in Sources */,
				90BB313B1DDA879500034961 /* SessionDelegate.swift in Sources */,
			);
			runOnlyForDeploymentPostprocessing = 0;
		};
		90DB9DC91DD7EAE300C7046F /* Sources */ = {
			isa = PBXSourcesBuildPhase;
			buildActionMask = 2147483647;
			files = (
				90DB9DD31DD7EAE300C7046F /* CoreServiceTests.swift in Sources */,
			);
			runOnlyForDeploymentPostprocessing = 0;
		};
/* End PBXSourcesBuildPhase section */

/* Begin PBXTargetDependency section */
		90DB9DD01DD7EAE300C7046F /* PBXTargetDependency */ = {
			isa = PBXTargetDependency;
			target = 90DB9DC31DD7EAE300C7046F /* CoreService */;
			targetProxy = 90DB9DCF1DD7EAE300C7046F /* PBXContainerItemProxy */;
		};
/* End PBXTargetDependency section */

/* Begin XCBuildConfiguration section */
		90DB9DD61DD7EAE300C7046F /* Debug */ = {
			isa = XCBuildConfiguration;
			buildSettings = {
				ALWAYS_SEARCH_USER_PATHS = NO;
				CLANG_ANALYZER_NONNULL = YES;
				CLANG_CXX_LANGUAGE_STANDARD = "gnu++0x";
				CLANG_CXX_LIBRARY = "libc++";
				CLANG_ENABLE_MODULES = YES;
				CLANG_ENABLE_OBJC_ARC = YES;
				CLANG_WARN_BOOL_CONVERSION = YES;
				CLANG_WARN_CONSTANT_CONVERSION = YES;
				CLANG_WARN_DIRECT_OBJC_ISA_USAGE = YES_ERROR;
				CLANG_WARN_DOCUMENTATION_COMMENTS = YES;
				CLANG_WARN_EMPTY_BODY = YES;
				CLANG_WARN_ENUM_CONVERSION = YES;
				CLANG_WARN_INFINITE_RECURSION = YES;
				CLANG_WARN_INT_CONVERSION = YES;
				CLANG_WARN_OBJC_ROOT_CLASS = YES_ERROR;
				CLANG_WARN_SUSPICIOUS_MOVES = YES;
				CLANG_WARN_UNREACHABLE_CODE = YES;
				CLANG_WARN__DUPLICATE_METHOD_MATCH = YES;
				"CODE_SIGN_IDENTITY[sdk=iphoneos*]" = "iPhone Developer";
				COPY_PHASE_STRIP = NO;
				CURRENT_PROJECT_VERSION = 1;
				DEBUG_INFORMATION_FORMAT = dwarf;
				ENABLE_STRICT_OBJC_MSGSEND = YES;
				ENABLE_TESTABILITY = YES;
				GCC_C_LANGUAGE_STANDARD = gnu99;
				GCC_DYNAMIC_NO_PIC = NO;
				GCC_NO_COMMON_BLOCKS = YES;
				GCC_OPTIMIZATION_LEVEL = 0;
				GCC_PREPROCESSOR_DEFINITIONS = (
					"DEBUG=1",
					"$(inherited)",
				);
				GCC_WARN_64_TO_32_BIT_CONVERSION = YES;
				GCC_WARN_ABOUT_RETURN_TYPE = YES_ERROR;
				GCC_WARN_UNDECLARED_SELECTOR = YES;
				GCC_WARN_UNINITIALIZED_AUTOS = YES_AGGRESSIVE;
				GCC_WARN_UNUSED_FUNCTION = YES;
				GCC_WARN_UNUSED_VARIABLE = YES;
				IPHONEOS_DEPLOYMENT_TARGET = 10.0;
				MTL_ENABLE_DEBUG_INFO = YES;
				ONLY_ACTIVE_ARCH = YES;
				SDKROOT = iphoneos;
				SWIFT_ACTIVE_COMPILATION_CONDITIONS = DEBUG;
				SWIFT_OPTIMIZATION_LEVEL = "-Onone";
				TARGETED_DEVICE_FAMILY = "1,2";
				VERSIONING_SYSTEM = "apple-generic";
				VERSION_INFO_PREFIX = "";
			};
			name = Debug;
		};
		90DB9DD71DD7EAE300C7046F /* Release */ = {
			isa = XCBuildConfiguration;
			buildSettings = {
				ALWAYS_SEARCH_USER_PATHS = NO;
				CLANG_ANALYZER_NONNULL = YES;
				CLANG_CXX_LANGUAGE_STANDARD = "gnu++0x";
				CLANG_CXX_LIBRARY = "libc++";
				CLANG_ENABLE_MODULES = YES;
				CLANG_ENABLE_OBJC_ARC = YES;
				CLANG_WARN_BOOL_CONVERSION = YES;
				CLANG_WARN_CONSTANT_CONVERSION = YES;
				CLANG_WARN_DIRECT_OBJC_ISA_USAGE = YES_ERROR;
				CLANG_WARN_DOCUMENTATION_COMMENTS = YES;
				CLANG_WARN_EMPTY_BODY = YES;
				CLANG_WARN_ENUM_CONVERSION = YES;
				CLANG_WARN_INFINITE_RECURSION = YES;
				CLANG_WARN_INT_CONVERSION = YES;
				CLANG_WARN_OBJC_ROOT_CLASS = YES_ERROR;
				CLANG_WARN_SUSPICIOUS_MOVES = YES;
				CLANG_WARN_UNREACHABLE_CODE = YES;
				CLANG_WARN__DUPLICATE_METHOD_MATCH = YES;
				"CODE_SIGN_IDENTITY[sdk=iphoneos*]" = "iPhone Developer";
				COPY_PHASE_STRIP = NO;
				CURRENT_PROJECT_VERSION = 1;
				DEBUG_INFORMATION_FORMAT = "dwarf-with-dsym";
				ENABLE_NS_ASSERTIONS = NO;
				ENABLE_STRICT_OBJC_MSGSEND = YES;
				GCC_C_LANGUAGE_STANDARD = gnu99;
				GCC_NO_COMMON_BLOCKS = YES;
				GCC_WARN_64_TO_32_BIT_CONVERSION = YES;
				GCC_WARN_ABOUT_RETURN_TYPE = YES_ERROR;
				GCC_WARN_UNDECLARED_SELECTOR = YES;
				GCC_WARN_UNINITIALIZED_AUTOS = YES_AGGRESSIVE;
				GCC_WARN_UNUSED_FUNCTION = YES;
				GCC_WARN_UNUSED_VARIABLE = YES;
				IPHONEOS_DEPLOYMENT_TARGET = 10.0;
				MTL_ENABLE_DEBUG_INFO = NO;
				SDKROOT = iphoneos;
				SWIFT_OPTIMIZATION_LEVEL = "-Owholemodule";
				TARGETED_DEVICE_FAMILY = "1,2";
				VALIDATE_PRODUCT = YES;
				VERSIONING_SYSTEM = "apple-generic";
				VERSION_INFO_PREFIX = "";
			};
			name = Release;
		};
		90DB9DD91DD7EAE300C7046F /* Debug */ = {
			isa = XCBuildConfiguration;
			buildSettings = {
				CLANG_ENABLE_MODULES = YES;
				CODE_SIGN_IDENTITY = "";
				DEFINES_MODULE = YES;
				DYLIB_COMPATIBILITY_VERSION = 1;
				DYLIB_CURRENT_VERSION = 1;
				DYLIB_INSTALL_NAME_BASE = "@rpath";
				INFOPLIST_FILE = CoreService/Info.plist;
				INSTALL_PATH = "$(LOCAL_LIBRARY_DIR)/Frameworks";
				LD_RUNPATH_SEARCH_PATHS = "$(inherited) @executable_path/Frameworks @loader_path/Frameworks";
				PRODUCT_BUNDLE_IDENTIFIER = com.catbakery.CoreService;
				PRODUCT_NAME = "$(TARGET_NAME)";
				SKIP_INSTALL = YES;
				SWIFT_OPTIMIZATION_LEVEL = "-Onone";
				SWIFT_VERSION = 3.0;
			};
			name = Debug;
		};
		90DB9DDA1DD7EAE300C7046F /* Release */ = {
			isa = XCBuildConfiguration;
			buildSettings = {
				CLANG_ENABLE_MODULES = YES;
				CODE_SIGN_IDENTITY = "";
				DEFINES_MODULE = YES;
				DYLIB_COMPATIBILITY_VERSION = 1;
				DYLIB_CURRENT_VERSION = 1;
				DYLIB_INSTALL_NAME_BASE = "@rpath";
				INFOPLIST_FILE = CoreService/Info.plist;
				INSTALL_PATH = "$(LOCAL_LIBRARY_DIR)/Frameworks";
				LD_RUNPATH_SEARCH_PATHS = "$(inherited) @executable_path/Frameworks @loader_path/Frameworks";
				PRODUCT_BUNDLE_IDENTIFIER = com.catbakery.CoreService;
				PRODUCT_NAME = "$(TARGET_NAME)";
				SKIP_INSTALL = YES;
				SWIFT_VERSION = 3.0;
			};
			name = Release;
		};
		90DB9DDC1DD7EAE300C7046F /* Debug */ = {
			isa = XCBuildConfiguration;
			buildSettings = {
				ALWAYS_EMBED_SWIFT_STANDARD_LIBRARIES = YES;
				INFOPLIST_FILE = CoreServiceTests/Info.plist;
				LD_RUNPATH_SEARCH_PATHS = "$(inherited) @executable_path/Frameworks @loader_path/Frameworks";
				PRODUCT_BUNDLE_IDENTIFIER = com.catbakery.CoreServiceTests;
				PRODUCT_NAME = "$(TARGET_NAME)";
				SWIFT_VERSION = 3.0;
			};
			name = Debug;
		};
		90DB9DDD1DD7EAE300C7046F /* Release */ = {
			isa = XCBuildConfiguration;
			buildSettings = {
				ALWAYS_EMBED_SWIFT_STANDARD_LIBRARIES = YES;
				INFOPLIST_FILE = CoreServiceTests/Info.plist;
				LD_RUNPATH_SEARCH_PATHS = "$(inherited) @executable_path/Frameworks @loader_path/Frameworks";
				PRODUCT_BUNDLE_IDENTIFIER = com.catbakery.CoreServiceTests;
				PRODUCT_NAME = "$(TARGET_NAME)";
				SWIFT_VERSION = 3.0;
			};
			name = Release;
		};
/* End XCBuildConfiguration section */

/* Begin XCConfigurationList section */
		90DB9DBE1DD7EAE300C7046F /* Build configuration list for PBXProject "CoreService" */ = {
			isa = XCConfigurationList;
			buildConfigurations = (
				90DB9DD61DD7EAE300C7046F /* Debug */,
				90DB9DD71DD7EAE300C7046F /* Release */,
			);
			defaultConfigurationIsVisible = 0;
			defaultConfigurationName = Release;
		};
		90DB9DD81DD7EAE300C7046F /* Build configuration list for PBXNativeTarget "CoreService" */ = {
			isa = XCConfigurationList;
			buildConfigurations = (
				90DB9DD91DD7EAE300C7046F /* Debug */,
				90DB9DDA1DD7EAE300C7046F /* Release */,
			);
			defaultConfigurationIsVisible = 0;
			defaultConfigurationName = Release;
		};
		90DB9DDB1DD7EAE300C7046F /* Build configuration list for PBXNativeTarget "CoreServiceTests" */ = {
			isa = XCConfigurationList;
			buildConfigurations = (
				90DB9DDC1DD7EAE300C7046F /* Debug */,
				90DB9DDD1DD7EAE300C7046F /* Release */,
			);
			defaultConfigurationIsVisible = 0;
			defaultConfigurationName = Release;
		};
/* End XCConfigurationList section */
	};
	rootObject = 90DB9DBB1DD7EAE300C7046F /* Project object */;
}
